
Microsoft Visual Studio Solution File, Format Version 11.00
# Visual Studio 2010
Project("{FAE04EC0-301F-11D3-BF4B-00C04F79EFBC}") = "Our.Umbraco.Tree.RobotsTxt", "Our.Umbraco.Tree.RobotsTxt\Our.Umbraco.Tree.RobotsTxt.csproj", "{1286BAAC-76C2-4D9A-ABBD-2CD8320D3C8B}"
EndProject
Project("{2150E333-8FDC-42A3-9474-1A3956D46DE8}") = "Solution Items", "Solution Items", "{A33D4F1E-05F9-4C1F-8AD1-C5F4580F78B1}"
EndProject
Project("{2150E333-8FDC-42A3-9474-1A3956D46DE8}") = "Build Package", "Build Package", "{186951A7-44FE-4604-A258-6242490CF238}"
	ProjectSection(SolutionItems) = preProject
		_build\BuildPackage.cmd = _build\BuildPackage.cmd
		_build\BuildPackage.msbuild = _build\BuildPackage.msbuild
		_build\package.xml = _build\package.xml
		_build\readme.txt = _build\readme.txt
	EndProjectSection
EndProject
Project("{2150E333-8FDC-42A3-9474-1A3956D46DE8}") = "Umbraco Assemblies", "Umbraco Assemblies", "{096DDAF4-87CF-4338-AC5B-290C5B2C126A}"
	ProjectSection(SolutionItems) = preProject
		_externals\businesslogic.dll = _externals\businesslogic.dll
		_externals\ClientDependency.Core.dll = _externals\ClientDependency.Core.dll
		_externals\cms.dll = _externals\cms.dll
		_externals\controls.dll = _externals\controls.dll
		_externals\interfaces.dll = _externals\interfaces.dll
		_externals\umbraco.dll = _externals\umbraco.dll
	EndProjectSection
EndProject
Global
	GlobalSection(SolutionConfigurationPlatforms) = preSolution
		Debug|Any CPU = Debug|Any CPU
		Release|Any CPU = Release|Any CPU
	EndGlobalSection
	GlobalSection(ProjectConfigurationPlatforms) = postSolution
		{1286BAAC-76C2-4D9A-ABBD-2CD8320D3C8B}.Debug|Any CPU.ActiveCfg = Debug|Any CPU
		{1286BAAC-76C2-4D9A-ABBD-2CD8320D3C8B}.Debug|Any CPU.Build.0 = Debug|Any CPU
		{1286BAAC-76C2-4D9A-ABBD-2CD8320D3C8B}.Release|Any CPU.ActiveCfg = Release|Any CPU
		{1286BAAC-76C2-4D9A-ABBD-2CD8320D3C8B}.Release|Any CPU.Build.0 = Release|Any CPU
	EndGlobalSection
	GlobalSection(SolutionProperties) = preSolution
		HideSolutionNode = FALSE
	EndGlobalSection
	GlobalSection(NestedProjects) = preSolution
		{186951A7-44FE-4604-A258-6242490CF238} = {A33D4F1E-05F9-4C1F-8AD1-C5F4580F78B1}
		{096DDAF4-87CF-4338-AC5B-290C5B2C126A} = {A33D4F1E-05F9-4C1F-8AD1-C5F4580F78B1}
	EndGlobalSection
EndGlobal
