
Microsoft Visual Studio Solution File, Format Version 12.00
# Visual Studio 15
VisualStudioVersion = 15.0.28307.421
MinimumVisualStudioVersion = 10.0.40219.1
Project("{FAE04EC0-301F-11D3-BF4B-00C04F79EFBC}") = "Our.Umbraco.RobotsTxtEditor", "Our.Umbraco.RobotsTxtEditor\Our.Umbraco.RobotsTxtEditor.csproj", "{DBA79B9A-0CBF-447A-A79D-BC2FFCDDC413}"
EndProject
Project("{2150E333-8FDC-42A3-9474-1A3956D46DE8}") = "Solution Items", "Solution Items", "{39D8DA06-6EEE-4FC2-9705-5D5B58562F91}"
EndProject
Project("{2150E333-8FDC-42A3-9474-1A3956D46DE8}") = "Build Scripts", "Build Scripts", "{4528ACE3-4E57-4A4A-ADAC-205B485938BE}"
	ProjectSection(SolutionItems) = preProject
		..\appveyor.yml = ..\appveyor.yml
		..\build\build-appveyor.cmd = ..\build\build-appveyor.cmd
		..\build.cmd = ..\build.cmd
		..\build\install.ps1 = ..\build\install.ps1
		..\build\package.nuspec = ..\build\package.nuspec
		..\build\package.proj = ..\build\package.proj
		..\build\package.xml = ..\build\package.xml
		..\build\readme.txt = ..\build\readme.txt
	EndProjectSection
EndProject
Global
	GlobalSection(SolutionConfigurationPlatforms) = preSolution
		Debug|Any CPU = Debug|Any CPU
		Release|Any CPU = Release|Any CPU
	EndGlobalSection
	GlobalSection(ProjectConfigurationPlatforms) = postSolution
		{DBA79B9A-0CBF-447A-A79D-BC2FFCDDC413}.Debug|Any CPU.ActiveCfg = Debug|Any CPU
		{DBA79B9A-0CBF-447A-A79D-BC2FFCDDC413}.Debug|Any CPU.Build.0 = Debug|Any CPU
		{DBA79B9A-0CBF-447A-A79D-BC2FFCDDC413}.Release|Any CPU.ActiveCfg = Release|Any CPU
		{DBA79B9A-0CBF-447A-A79D-BC2FFCDDC413}.Release|Any CPU.Build.0 = Release|Any CPU
	EndGlobalSection
	GlobalSection(SolutionProperties) = preSolution
		HideSolutionNode = FALSE
	EndGlobalSection
	GlobalSection(NestedProjects) = preSolution
		{4528ACE3-4E57-4A4A-ADAC-205B485938BE} = {39D8DA06-6EEE-4FC2-9705-5D5B58562F91}
	EndGlobalSection
	GlobalSection(ExtensibilityGlobals) = postSolution
		SolutionGuid = {0C0D503B-59FD-49F7-875D-AE44FC92FDC2}
	EndGlobalSection
EndGlobal
